
Microsoft Visual Studio Solution File, Format Version 12.00
# Visual Studio Version 16
VisualStudioVersion = 16.0.29609.76
MinimumVisualStudioVersion = 10.0.40219.1
Project("{9A19103F-16F7-4668-BE54-9A1E7A4F7556}") = "DesignCalculations.Calculations", "src\DesignLibrary.Calculations\DesignCalculations.Calculations.csproj", "{1666D8C9-F880-4678-99EA-3B6E71F02A76}"
EndProject
Project("{2150E333-8FDC-42A3-9474-1A3956D46DE8}") = "Tests", "Tests", "{FFECE9A3-A698-4734-99CD-8DF1FA204DBA}"
EndProject
Project("{9A19103F-16F7-4668-BE54-9A1E7A4F7556}") = "DesignCalculations.Engine", "src\DesignLibrary.Engine\DesignCalculations.Engine.csproj", "{2B6C80B7-43CE-4D5D-9378-CBA33E5F9F3B}"
EndProject
Global
	GlobalSection(SolutionConfigurationPlatforms) = preSolution
		Debug|Any CPU = Debug|Any CPU
		Release|Any CPU = Release|Any CPU
	EndGlobalSection
	GlobalSection(ProjectConfigurationPlatforms) = postSolution
		{1666D8C9-F880-4678-99EA-3B6E71F02A76}.Debug|Any CPU.ActiveCfg = Debug|Any CPU
		{1666D8C9-F880-4678-99EA-3B6E71F02A76}.Debug|Any CPU.Build.0 = Debug|Any CPU
		{1666D8C9-F880-4678-99EA-3B6E71F02A76}.Release|Any CPU.ActiveCfg = Release|Any CPU
		{1666D8C9-F880-4678-99EA-3B6E71F02A76}.Release|Any CPU.Build.0 = Release|Any CPU
		{2B6C80B7-43CE-4D5D-9378-CBA33E5F9F3B}.Debug|Any CPU.ActiveCfg = Debug|Any CPU
		{2B6C80B7-43CE-4D5D-9378-CBA33E5F9F3B}.Debug|Any CPU.Build.0 = Debug|Any CPU
		{2B6C80B7-43CE-4D5D-9378-CBA33E5F9F3B}.Release|Any CPU.ActiveCfg = Release|Any CPU
		{2B6C80B7-43CE-4D5D-9378-CBA33E5F9F3B}.Release|Any CPU.Build.0 = Release|Any CPU
	EndGlobalSection
	GlobalSection(SolutionProperties) = preSolution
		HideSolutionNode = FALSE
	EndGlobalSection
	GlobalSection(ExtensibilityGlobals) = postSolution
		SolutionGuid = {F482D684-AF44-4667-82C5-5F1EDA4B78DE}
	EndGlobalSection
EndGlobal
